
Microsoft Visual Studio Solution File, Format Version 12.00
# Visual Studio Version 17
VisualStudioVersion = 17.5.33530.505
MinimumVisualStudioVersion = 10.0.40219.1
Project("{2150E333-8FDC-42A3-9474-1A3956D46DE8}") = "2-BilmesiGerekenKutuphaneler", "2-BilmesiGerekenKutuphaneler", "{84AFF419-7AE5-4DE7-819D-3E04E36D62AF}"
EndProject
Project("{2150E333-8FDC-42A3-9474-1A3956D46DE8}") = "1-OzelDers", "1-OzelDers", "{DD3C6CC4-EF43-4B62-A11A-2B25BE528369}"
EndProject
Project("{9A19103F-16F7-4668-BE54-9A1E7A4F7556}") = "Net5.API", "Net5.API\Net5.API.csproj", "{CAC66846-1847-496A-9033-4C2C401793FC}"
EndProject
Project("{9A19103F-16F7-4668-BE54-9A1E7A4F7556}") = "Net3.API", "Net3.API\Net3.API.csproj", "{81FA2D7B-3CE0-46F5-B0AF-985597F898F8}"
EndProject
Project("{9A19103F-16F7-4668-BE54-9A1E7A4F7556}") = "Net6.API", "Net6.API\Net6.API.csproj", "{3FF6F148-73B8-47AD-8059-857D7F1B7649}"
EndProject
Project("{2150E333-8FDC-42A3-9474-1A3956D46DE8}") = "1-SOLIDPRENSIPLERI", "1-SOLIDPRENSIPLERI", "{F00F6DD5-07D3-4B24-9BA8-D186365283B8}"
EndProject
Project("{9A19103F-16F7-4668-BE54-9A1E7A4F7556}") = "Solid.SingleResponsibility", "Solid.SingleResponsibility\Solid.SingleResponsibility.csproj", "{DCF8418B-5131-436D-A092-727E03CA6F20}"
EndProject
Project("{9A19103F-16F7-4668-BE54-9A1E7A4F7556}") = "Solid.OpenClosed", "Solid.OpenClosed\Solid.OpenClosed.csproj", "{B1D132CC-B94E-41BE-852E-4C8800715A8D}"
EndProject
Project("{9A19103F-16F7-4668-BE54-9A1E7A4F7556}") = "Solid.LiskovSubstitution", "Solid.LiskovSubstitution\Solid.LiskovSubstitution.csproj", "{974BEBED-8170-4E9D-A54C-9A1E6CBD11ED}"
EndProject
Project("{9A19103F-16F7-4668-BE54-9A1E7A4F7556}") = "Solid.InterfaceSegregation", "Solid.InterfaceSegregation\Solid.InterfaceSegregation.csproj", "{9FEF4B83-DADF-42ED-AC4E-26F001871844}"
EndProject
Project("{9A19103F-16F7-4668-BE54-9A1E7A4F7556}") = "Solid.DependencyInversion", "Solid.DependencyInversion\Solid.DependencyInversion.csproj", "{F327F3C3-744A-46EA-8A62-40DAC4301556}"
EndProject
Project("{2150E333-8FDC-42A3-9474-1A3956D46DE8}") = "2-FLUENTVALIDATION", "2-FLUENTVALIDATION", "{9ED585B2-3E6F-48FD-B2E7-A055E1114AC9}"
EndProject
Project("{9A19103F-16F7-4668-BE54-9A1E7A4F7556}") = "FluentValidationApp.WebUI", "FluentValidationApp.WebUI\FluentValidationApp.WebUI.csproj", "{47C7D564-F086-4162-A9E0-3F9E2D31B8C3}"
EndProject
Project("{FAE04EC0-301F-11D3-BF4B-00C04F79EFBC}") = "FluentValidationApp.WebAPI", "FluentValidationApp.WebAPI\FluentValidationApp.WebAPI.csproj", "{053E02C3-0A3A-41BE-95E6-8EA00019ACE9}"
EndProject
Global
	GlobalSection(SolutionConfigurationPlatforms) = preSolution
		Debug|Any CPU = Debug|Any CPU
		Release|Any CPU = Release|Any CPU
	EndGlobalSection
	GlobalSection(ProjectConfigurationPlatforms) = postSolution
		{CAC66846-1847-496A-9033-4C2C401793FC}.Debug|Any CPU.ActiveCfg = Debug|Any CPU
		{CAC66846-1847-496A-9033-4C2C401793FC}.Debug|Any CPU.Build.0 = Debug|Any CPU
		{CAC66846-1847-496A-9033-4C2C401793FC}.Release|Any CPU.ActiveCfg = Release|Any CPU
		{CAC66846-1847-496A-9033-4C2C401793FC}.Release|Any CPU.Build.0 = Release|Any CPU
		{81FA2D7B-3CE0-46F5-B0AF-985597F898F8}.Debug|Any CPU.ActiveCfg = Debug|Any CPU
		{81FA2D7B-3CE0-46F5-B0AF-985597F898F8}.Debug|Any CPU.Build.0 = Debug|Any CPU
		{81FA2D7B-3CE0-46F5-B0AF-985597F898F8}.Release|Any CPU.ActiveCfg = Release|Any CPU
		{81FA2D7B-3CE0-46F5-B0AF-985597F898F8}.Release|Any CPU.Build.0 = Release|Any CPU
		{3FF6F148-73B8-47AD-8059-857D7F1B7649}.Debug|Any CPU.ActiveCfg = Debug|Any CPU
		{3FF6F148-73B8-47AD-8059-857D7F1B7649}.Debug|Any CPU.Build.0 = Debug|Any CPU
		{3FF6F148-73B8-47AD-8059-857D7F1B7649}.Release|Any CPU.ActiveCfg = Release|Any CPU
		{3FF6F148-73B8-47AD-8059-857D7F1B7649}.Release|Any CPU.Build.0 = Release|Any CPU
		{DCF8418B-5131-436D-A092-727E03CA6F20}.Debug|Any CPU.ActiveCfg = Debug|Any CPU
		{DCF8418B-5131-436D-A092-727E03CA6F20}.Debug|Any CPU.Build.0 = Debug|Any CPU
		{DCF8418B-5131-436D-A092-727E03CA6F20}.Release|Any CPU.ActiveCfg = Release|Any CPU
		{DCF8418B-5131-436D-A092-727E03CA6F20}.Release|Any CPU.Build.0 = Release|Any CPU
		{B1D132CC-B94E-41BE-852E-4C8800715A8D}.Debug|Any CPU.ActiveCfg = Debug|Any CPU
		{B1D132CC-B94E-41BE-852E-4C8800715A8D}.Debug|Any CPU.Build.0 = Debug|Any CPU
		{B1D132CC-B94E-41BE-852E-4C8800715A8D}.Release|Any CPU.ActiveCfg = Release|Any CPU
		{B1D132CC-B94E-41BE-852E-4C8800715A8D}.Release|Any CPU.Build.0 = Release|Any CPU
		{974BEBED-8170-4E9D-A54C-9A1E6CBD11ED}.Debug|Any CPU.ActiveCfg = Debug|Any CPU
		{974BEBED-8170-4E9D-A54C-9A1E6CBD11ED}.Debug|Any CPU.Build.0 = Debug|Any CPU
		{974BEBED-8170-4E9D-A54C-9A1E6CBD11ED}.Release|Any CPU.ActiveCfg = Release|Any CPU
		{974BEBED-8170-4E9D-A54C-9A1E6CBD11ED}.Release|Any CPU.Build.0 = Release|Any CPU
		{9FEF4B83-DADF-42ED-AC4E-26F001871844}.Debug|Any CPU.ActiveCfg = Debug|Any CPU
		{9FEF4B83-DADF-42ED-AC4E-26F001871844}.Debug|Any CPU.Build.0 = Debug|Any CPU
		{9FEF4B83-DADF-42ED-AC4E-26F001871844}.Release|Any CPU.ActiveCfg = Release|Any CPU
		{9FEF4B83-DADF-42ED-AC4E-26F001871844}.Release|Any CPU.Build.0 = Release|Any CPU
		{F327F3C3-744A-46EA-8A62-40DAC4301556}.Debug|Any CPU.ActiveCfg = Debug|Any CPU
		{F327F3C3-744A-46EA-8A62-40DAC4301556}.Debug|Any CPU.Build.0 = Debug|Any CPU
		{F327F3C3-744A-46EA-8A62-40DAC4301556}.Release|Any CPU.ActiveCfg = Release|Any CPU
		{F327F3C3-744A-46EA-8A62-40DAC4301556}.Release|Any CPU.Build.0 = Release|Any CPU
		{47C7D564-F086-4162-A9E0-3F9E2D31B8C3}.Debug|Any CPU.ActiveCfg = Debug|Any CPU
		{47C7D564-F086-4162-A9E0-3F9E2D31B8C3}.Debug|Any CPU.Build.0 = Debug|Any CPU
		{47C7D564-F086-4162-A9E0-3F9E2D31B8C3}.Release|Any CPU.ActiveCfg = Release|Any CPU
		{47C7D564-F086-4162-A9E0-3F9E2D31B8C3}.Release|Any CPU.Build.0 = Release|Any CPU
		{053E02C3-0A3A-41BE-95E6-8EA00019ACE9}.Debug|Any CPU.ActiveCfg = Debug|Any CPU
		{053E02C3-0A3A-41BE-95E6-8EA00019ACE9}.Debug|Any CPU.Build.0 = Debug|Any CPU
		{053E02C3-0A3A-41BE-95E6-8EA00019ACE9}.Release|Any CPU.ActiveCfg = Release|Any CPU
		{053E02C3-0A3A-41BE-95E6-8EA00019ACE9}.Release|Any CPU.Build.0 = Release|Any CPU
	EndGlobalSection
	GlobalSection(SolutionProperties) = preSolution
		HideSolutionNode = FALSE
	EndGlobalSection
	GlobalSection(NestedProjects) = preSolution
		{CAC66846-1847-496A-9033-4C2C401793FC} = {DD3C6CC4-EF43-4B62-A11A-2B25BE528369}
		{81FA2D7B-3CE0-46F5-B0AF-985597F898F8} = {DD3C6CC4-EF43-4B62-A11A-2B25BE528369}
		{3FF6F148-73B8-47AD-8059-857D7F1B7649} = {DD3C6CC4-EF43-4B62-A11A-2B25BE528369}
		{F00F6DD5-07D3-4B24-9BA8-D186365283B8} = {84AFF419-7AE5-4DE7-819D-3E04E36D62AF}
		{DCF8418B-5131-436D-A092-727E03CA6F20} = {F00F6DD5-07D3-4B24-9BA8-D186365283B8}
		{B1D132CC-B94E-41BE-852E-4C8800715A8D} = {F00F6DD5-07D3-4B24-9BA8-D186365283B8}
		{974BEBED-8170-4E9D-A54C-9A1E6CBD11ED} = {F00F6DD5-07D3-4B24-9BA8-D186365283B8}
		{9FEF4B83-DADF-42ED-AC4E-26F001871844} = {F00F6DD5-07D3-4B24-9BA8-D186365283B8}
		{F327F3C3-744A-46EA-8A62-40DAC4301556} = {F00F6DD5-07D3-4B24-9BA8-D186365283B8}
		{9ED585B2-3E6F-48FD-B2E7-A055E1114AC9} = {84AFF419-7AE5-4DE7-819D-3E04E36D62AF}
		{47C7D564-F086-4162-A9E0-3F9E2D31B8C3} = {9ED585B2-3E6F-48FD-B2E7-A055E1114AC9}
		{053E02C3-0A3A-41BE-95E6-8EA00019ACE9} = {9ED585B2-3E6F-48FD-B2E7-A055E1114AC9}
	EndGlobalSection
	GlobalSection(ExtensibilityGlobals) = postSolution
		SolutionGuid = {F58CBC98-7E23-4882-A7C1-3FB16D7EB4B1}
	EndGlobalSection
EndGlobal
